
Microsoft Visual Studio Solution File, Format Version 12.00
# Visual Studio Version 17
VisualStudioVersion = 17.3.32804.467
MinimumVisualStudioVersion = 10.0.40219.1
Project("{FAE04EC0-301F-11D3-BF4B-00C04F79EFBC}") = "DurationCalculator", "DurationCalculator\DurationCalculator.csproj", "{27C2D65A-AF6D-481A-9092-97BDEBA67CED}"
EndProject
Global
	GlobalSection(SolutionConfigurationPlatforms) = preSolution
		Debug|Any CPU = Debug|Any CPU
		Release|Any CPU = Release|Any CPU
	EndGlobalSection
	GlobalSection(ProjectConfigurationPlatforms) = postSolution
		{27C2D65A-AF6D-481A-9092-97BDEBA67CED}.Debug|Any CPU.ActiveCfg = Debug|Any CPU
		{27C2D65A-AF6D-481A-9092-97BDEBA67CED}.Debug|Any CPU.Build.0 = Debug|Any CPU
		{27C2D65A-AF6D-481A-9092-97BDEBA67CED}.Release|Any CPU.ActiveCfg = Release|Any CPU
		{27C2D65A-AF6D-481A-9092-97BDEBA67CED}.Release|Any CPU.Build.0 = Release|Any CPU
	EndGlobalSection
	GlobalSection(SolutionProperties) = preSolution
		HideSolutionNode = FALSE
	EndGlobalSection
	GlobalSection(ExtensibilityGlobals) = postSolution
		SolutionGuid = {5DEDE713-18B7-481C-96E4-950EA7577402}
	EndGlobalSection
EndGlobal
